PODS:
  - Alamofire (5.10.2)
  - Cosmos (25.0.1)
  - Kingfisher (8.1.3)
  - lottie-ios (4.5.1)
  - ReachabilitySwift (5.2.4)
  - RxCocoa (6.5.0):
    - RxRelay (= 6.5.0)
    - RxSwift (= 6.5.0)
  - RxRelay (6.5.0):
    - RxSwift (= 6.5.0)
  - RxSwift (6.5.0)

DEPENDENCIES:
  - Alamofire
  - Cosmos
  - Kingfisher
  - lottie-ios
  - ReachabilitySwift
  - RxCocoa (= 6.5.0)
  - RxSwift (= 6.5.0)

SPEC REPOS:
  trunk:
    - Alamofire
    - Cosmos
    - Kingfisher
    - lottie-ios
    - ReachabilitySwift
    - RxCocoa
    - RxRelay
    - RxSwift

SPEC CHECKSUMS:
  Alamofire: 7193b3b92c74a07f85569e1a6c4f4237291e7496
  Cosmos: 02db0a1c953107049bfd2d7af19ceef55ecb7e98
  Kingfisher: f2af9028b16baf9dc6c07c570072bc41cbf009ef
  lottie-ios: 248b380fa1b97d18e792c37d90da7ab2aa0d6562
  ReachabilitySwift: 32793e867593cfc1177f5d16491e3a197d2fccda
  RxCocoa: 94f817b71c07517321eb4f9ad299112ca8af743b
  RxRelay: 1de1523e604c72b6c68feadedd1af3b1b4d0ecbd
  RxSwift: 5710a9e6b17f3c3d6e40d6e559b9fa1e813b2ef8

PODFILE CHECKSUM: 5e305ce47ac6df6f1ca73461187ac9f419d6c5d3

COCOAPODS: 1.16.2
