// !$*UTF8*$!
{
	archiveVersion = 1;
	classes = {
	};
	objectVersion = 77;
	objects = {

/* Begin PBXBuildFile section */
		A456DE08AD7110731C7951A0 /* Pods_TalkyTalky.framework in Frameworks */ = {isa = PBXBuildFile; fileRef = EE9423E50E3B2801558BEB4F /* Pods_TalkyTalky.framework */; };
		B56F487992085C7FCC48F7D4 /* Pods_TalkyTalky_TalkyTalkyUITests.framework in Frameworks */ = {isa = PBXBuildFile; fileRef = CFD1B00F0B5D821F4845FAF2 /* Pods_TalkyTalky_TalkyTalkyUITests.framework */; };
		C57041B176FE6F5B062065D5 /* Pods_TalkyTalkyTests.framework in Frameworks */ = {isa = PBXBuildFile; fileRef = 9A2B81EA06081D3E9D78D886 /* Pods_TalkyTalkyTests.framework */; };
/* End PBXBuildFile section */

/* Begin PBXContainerItemProxy section */
		B645B35A2D052D2D000D0768 /* PBXContainerItemProxy */ = {
			isa = PBXContainerItemProxy;
			containerPortal = B645B33B2D052D2A000D0768 /* Project object */;
			proxyType = 1;
			remoteGlobalIDString = B645B3422D052D2A000D0768;
			remoteInfo = TalkyTalky;
		};
		B645B3642D052D2D000D0768 /* PBXContainerItemProxy */ = {
			isa = PBXContainerItemProxy;
			containerPortal = B645B33B2D052D2A000D0768 /* Project object */;
			proxyType = 1;
			remoteGlobalIDString = B645B3422D052D2A000D0768;
			remoteInfo = TalkyTalky;
		};
/* End PBXContainerItemProxy section */

/* Begin PBXFileReference section */
		1677D1448D0E804B34860219 /* Pods-TalkyTalky.release.xcconfig */ = {isa = PBXFileReference; includeInIndex = 1; lastKnownFileType = text.xcconfig; name = "Pods-TalkyTalky.release.xcconfig"; path = "Target Support Files/Pods-TalkyTalky/Pods-TalkyTalky.release.xcconfig"; sourceTree = "<group>"; };
		2218774429455642A07E8D0F /* Pods-TalkyTalky-TalkyTalkyUITests.release.xcconfig */ = {isa = PBXFileReference; includeInIndex = 1; lastKnownFileType = text.xcconfig; name = "Pods-TalkyTalky-TalkyTalkyUITests.release.xcconfig"; path = "Target Support Files/Pods-TalkyTalky-TalkyTalkyUITests/Pods-TalkyTalky-TalkyTalkyUITests.release.xcconfig"; sourceTree = "<group>"; };
		4CF9CAFB3195E6F371C977EB /* Pods-TalkyTalky.debug.xcconfig */ = {isa = PBXFileReference; includeInIndex = 1; lastKnownFileType = text.xcconfig; name = "Pods-TalkyTalky.debug.xcconfig"; path = "Target Support Files/Pods-TalkyTalky/Pods-TalkyTalky.debug.xcconfig"; sourceTree = "<group>"; };
		7C9B99987F68A3A3B74B1E6C /* Pods-TalkyTalky-TalkyTalkyUITests.debug.xcconfig */ = {isa = PBXFileReference; includeInIndex = 1; lastKnownFileType = text.xcconfig; name = "Pods-TalkyTalky-TalkyTalkyUITests.debug.xcconfig"; path = "Target Support Files/Pods-TalkyTalky-TalkyTalkyUITests/Pods-TalkyTalky-TalkyTalkyUITests.debug.xcconfig"; sourceTree = "<group>"; };
		9A2B81EA06081D3E9D78D886 /* Pods_TalkyTalkyTests.framework */ = {isa = PBXFileReference; explicitFileType = wrapper.framework; includeInIndex = 0; path = Pods_TalkyTalkyTests.framework; sourceTree = BUILT_PRODUCTS_DIR; };
		A36870CB7CB3E4C08C1AE1A3 /* Pods-TalkyTalkyTests.release.xcconfig */ = {isa = PBXFileReference; includeInIndex = 1; lastKnownFileType = text.xcconfig; name = "Pods-TalkyTalkyTests.release.xcconfig"; path = "Target Support Files/Pods-TalkyTalkyTests/Pods-TalkyTalkyTests.release.xcconfig"; sourceTree = "<group>"; };
		B645B3432D052D2A000D0768 /* TalkyTalky.app */ = {isa = PBXFileReference; explicitFileType = wrapper.application; includeInIndex = 0; path = TalkyTalky.app; sourceTree = BUILT_PRODUCTS_DIR; };
		B645B3592D052D2D000D0768 /* TalkyTalkyTests.xctest */ = {isa = PBXFileReference; explicitFileType = wrapper.cfbundle; includeInIndex = 0; path = TalkyTalkyTests.xctest; sourceTree = BUILT_PRODUCTS_DIR; };
		B645B3632D052D2D000D0768 /* TalkyTalkyUITests.xctest */ = {isa = PBXFileReference; explicitFileType = wrapper.cfbundle; includeInIndex = 0; path = TalkyTalkyUITests.xctest; sourceTree = BUILT_PRODUCTS_DIR; };
		CB2A6FE41B11ECF49B34B357 /* Pods-TalkyTalkyTests.debug.xcconfig */ = {isa = PBXFileReference; includeInIndex = 1; lastKnownFileType = text.xcconfig; name = "Pods-TalkyTalkyTests.debug.xcconfig"; path = "Target Support Files/Pods-TalkyTalkyTests/Pods-TalkyTalkyTests.debug.xcconfig"; sourceTree = "<group>"; };
		CFD1B00F0B5D821F4845FAF2 /* Pods_TalkyTalky_TalkyTalkyUITests.framework */ = {isa = PBXFileReference; explicitFileType = wrapper.framework; includeInIndex = 0; path = Pods_TalkyTalky_TalkyTalkyUITests.framework; sourceTree = BUILT_PRODUCTS_DIR; };
		EE9423E50E3B2801558BEB4F /* Pods_TalkyTalky.framework */ = {isa = PBXFileReference; explicitFileType = wrapper.framework; includeInIndex = 0; path = Pods_TalkyTalky.framework; sourceTree = BUILT_PRODUCTS_DIR; };
/* End PBXFileReference section */

/* Begin PBXFileSystemSynchronizedBuildFileExceptionSet section */
		B645B36B2D052D2D000D0768 /* Exceptions for "TalkyTalky" folder in "TalkyTalky" target */ = {
			isa = PBXFileSystemSynchronizedBuildFileExceptionSet;
			membershipExceptions = (
				Info.plist,
			);
			target = B645B3422D052D2A000D0768 /* TalkyTalky */;
		};
/* End PBXFileSystemSynchronizedBuildFileExceptionSet section */

/* Begin PBXFileSystemSynchronizedRootGroup section */
		B645B3452D052D2B000D0768 /* TalkyTalky */ = {
			isa = PBXFileSystemSynchronizedRootGroup;
			exceptions = (
				B645B36B2D052D2D000D0768 /* Exceptions for "TalkyTalky" folder in "TalkyTalky" target */,
			);
			path = TalkyTalky;
			sourceTree = "<group>";
		};
		B645B35C2D052D2D000D0768 /* TalkyTalkyTests */ = {
			isa = PBXFileSystemSynchronizedRootGroup;
			path = TalkyTalkyTests;
			sourceTree = "<group>";
		};
		B645B3662D052D2D000D0768 /* TalkyTalkyUITests */ = {
			isa = PBXFileSystemSynchronizedRootGroup;
			path = TalkyTalkyUITests;
			sourceTree = "<group>";
		};
/* End PBXFileSystemSynchronizedRootGroup section */

/* Begin PBXFrameworksBuildPhase section */
		B645B3402D052D2A000D0768 /* Frameworks */ = {
			isa = PBXFrameworksBuildPhase;
			buildActionMask = 2147483647;
			files = (
				A456DE08AD7110731C7951A0 /* Pods_TalkyTalky.framework in Frameworks */,
			);
			runOnlyForDeploymentPostprocessing = 0;
		};
		B645B3562D052D2D000D0768 /* Frameworks */ = {
			isa = PBXFrameworksBuildPhase;
			buildActionMask = 2147483647;
			files = (
				C57041B176FE6F5B062065D5 /* Pods_TalkyTalkyTests.framework in Frameworks */,
			);
			runOnlyForDeploymentPostprocessing = 0;
		};
		B645B3602D052D2D000D0768 /* Frameworks */ = {
			isa = PBXFrameworksBuildPhase;
			buildActionMask = 2147483647;
			files = (
				B56F487992085C7FCC48F7D4 /* Pods_TalkyTalky_TalkyTalkyUITests.framework in Frameworks */,
			);
			runOnlyForDeploymentPostprocessing = 0;
		};
/* End PBXFrameworksBuildPhase section */

/* Begin PBXGroup section */
		4139318B412F8F974424C1E1 /* Frameworks */ = {
			isa = PBXGroup;
			children = (
				EE9423E50E3B2801558BEB4F /* Pods_TalkyTalky.framework */,
				CFD1B00F0B5D821F4845FAF2 /* Pods_TalkyTalky_TalkyTalkyUITests.framework */,
				9A2B81EA06081D3E9D78D886 /* Pods_TalkyTalkyTests.framework */,
			);
			name = Frameworks;
			sourceTree = "<group>";
		};
		B645B33A2D052D2A000D0768 = {
			isa = PBXGroup;
			children = (
				B645B3452D052D2B000D0768 /* TalkyTalky */,
				B645B35C2D052D2D000D0768 /* TalkyTalkyTests */,
				B645B3662D052D2D000D0768 /* TalkyTalkyUITests */,
				B645B3442D052D2A000D0768 /* Products */,
				DDB1E3D24F9CBBEC57EAB10D /* Pods */,
				4139318B412F8F974424C1E1 /* Frameworks */,
			);
			sourceTree = "<group>";
		};
		B645B3442D052D2A000D0768 /* Products */ = {
			isa = PBXGroup;
			children = (
				B645B3432D052D2A000D0768 /* TalkyTalky.app */,
				B645B3592D052D2D000D0768 /* TalkyTalkyTests.xctest */,
				B645B3632D052D2D000D0768 /* TalkyTalkyUITests.xctest */,
			);
			name = Products;
			sourceTree = "<group>";
		};
		DDB1E3D24F9CBBEC57EAB10D /* Pods */ = {
			isa = PBXGroup;
			children = (
				4CF9CAFB3195E6F371C977EB /* Pods-TalkyTalky.debug.xcconfig */,
				1677D1448D0E804B34860219 /* Pods-TalkyTalky.release.xcconfig */,
				7C9B99987F68A3A3B74B1E6C /* Pods-TalkyTalky-TalkyTalkyUITests.debug.xcconfig */,
				2218774429455642A07E8D0F /* Pods-TalkyTalky-TalkyTalkyUITests.release.xcconfig */,
				CB2A6FE41B11ECF49B34B357 /* Pods-TalkyTalkyTests.debug.xcconfig */,
				A36870CB7CB3E4C08C1AE1A3 /* Pods-TalkyTalkyTests.release.xcconfig */,
			);
			path = Pods;
			sourceTree = "<group>";
		};
/* End PBXGroup section */

/* Begin PBXNativeTarget section */
		B645B3422D052D2A000D0768 /* TalkyTalky */ = {
			isa = PBXNativeTarget;
			buildConfigurationList = B645B36C2D052D2D000D0768 /* Build configuration list for PBXNativeTarget "TalkyTalky" */;
			buildPhases = (
				D09DC1003E06B13A79749033 /* [CP] Check Pods Manifest.lock */,
				B645B33F2D052D2A000D0768 /* Sources */,
				B645B3402D052D2A000D0768 /* Frameworks */,
				B645B3412D052D2A000D0768 /* Resources */,
				FA9BE340AF1238CB9AE3F80A /* [CP] Embed Pods Frameworks */,
			);
			buildRules = (
			);
			dependencies = (
			);
			fileSystemSynchronizedGroups = (
				B645B3452D052D2B000D0768 /* TalkyTalky */,
			);
			name = TalkyTalky;
			productName = TalkyTalky;
			productReference = B645B3432D052D2A000D0768 /* TalkyTalky.app */;
			productType = "com.apple.product-type.application";
		};
		B645B3582D052D2D000D0768 /* TalkyTalkyTests */ = {
			isa = PBXNativeTarget;
			buildConfigurationList = B645B3712D052D2D000D0768 /* Build configuration list for PBXNativeTarget "TalkyTalkyTests" */;
			buildPhases = (
				D2FD8B1CC8384FAA1DF10513 /* [CP] Check Pods Manifest.lock */,
				B645B3552D052D2D000D0768 /* Sources */,
				B645B3562D052D2D000D0768 /* Frameworks */,
				B645B3572D052D2D000D0768 /* Resources */,
			);
			buildRules = (
			);
			dependencies = (
				B645B35B2D052D2D000D0768 /* PBXTargetDependency */,
			);
			fileSystemSynchronizedGroups = (
				B645B35C2D052D2D000D0768 /* TalkyTalkyTests */,
			);
			name = TalkyTalkyTests;
			productName = TalkyTalkyTests;
			productReference = B645B3592D052D2D000D0768 /* TalkyTalkyTests.xctest */;
			productType = "com.apple.product-type.bundle.unit-test";
		};
		B645B3622D052D2D000D0768 /* TalkyTalkyUITests */ = {
			isa = PBXNativeTarget;
			buildConfigurationList = B645B3742D052D2D000D0768 /* Build configuration list for PBXNativeTarget "TalkyTalkyUITests" */;
			buildPhases = (
				B018AF2FBA4EB56CFE350173 /* [CP] Check Pods Manifest.lock */,
				B645B35F2D052D2D000D0768 /* Sources */,
				B645B3602D052D2D000D0768 /* Frameworks */,
				B645B3612D052D2D000D0768 /* Resources */,
				293E433FB81C3DCF3C6FD916 /* [CP] Embed Pods Frameworks */,
			);
			buildRules = (
			);
			dependencies = (
				B645B3652D052D2D000D0768 /* PBXTargetDependency */,
			);
			fileSystemSynchronizedGroups = (
				B645B3662D052D2D000D0768 /* TalkyTalkyUITests */,
			);
			name = TalkyTalkyUITests;
			productName = TalkyTalkyUITests;
			productReference = B645B3632D052D2D000D0768 /* TalkyTalkyUITests.xctest */;
			productType = "com.apple.product-type.bundle.ui-testing";
		};
/* End PBXNativeTarget section */

/* Begin PBXProject section */
		B645B33B2D052D2A000D0768 /* Project object */ = {
			isa = PBXProject;
			attributes = {
				BuildIndependentTargetsInParallel = 1;
				LastSwiftUpdateCheck = 1610;
				LastUpgradeCheck = 1610;
				TargetAttributes = {
					B645B3422D052D2A000D0768 = {
						CreatedOnToolsVersion = 16.1;
					};
					B645B3582D052D2D000D0768 = {
						CreatedOnToolsVersion = 16.1;
						TestTargetID = B645B3422D052D2A000D0768;
					};
					B645B3622D052D2D000D0768 = {
						CreatedOnToolsVersion = 16.1;
						TestTargetID = B645B3422D052D2A000D0768;
					};
				};
			};
			buildConfigurationList = B645B33E2D052D2A000D0768 /* Build configuration list for PBXProject "TalkyTalky" */;
			developmentRegion = en;
			hasScannedForEncodings = 0;
			knownRegions = (
				en,
				Base,
			);
			mainGroup = B645B33A2D052D2A000D0768;
			minimizedProjectReferenceProxies = 1;
			packageReferences = (
			);
			preferredProjectObjectVersion = 77;
			productRefGroup = B645B3442D052D2A000D0768 /* Products */;
			projectDirPath = "";
			projectRoot = "";
			targets = (
				B645B3422D052D2A000D0768 /* TalkyTalky */,
				B645B3582D052D2D000D0768 /* TalkyTalkyTests */,
				B645B3622D052D2D000D0768 /* TalkyTalkyUITests */,
			);
		};
/* End PBXProject section */

/* Begin PBXResourcesBuildPhase section */
		B645B3412D052D2A000D0768 /* Resources */ = {
			isa = PBXResourcesBuildPhase;
			buildActionMask = 2147483647;
			files = (
			);
			runOnlyForDeploymentPostprocessing = 0;
		};
		B645B3572D052D2D000D0768 /* Resources */ = {
			isa = PBXResourcesBuildPhase;
			buildActionMask = 2147483647;
			files = (
			);
			runOnlyForDeploymentPostprocessing = 0;
		};
		B645B3612D052D2D000D0768 /* Resources */ = {
			isa = PBXResourcesBuildPhase;
			buildActionMask = 2147483647;
			files = (
			);
			runOnlyForDeploymentPostprocessing = 0;
		};
/* End PBXResourcesBuildPhase section */

/* Begin PBXShellScriptBuildPhase section */
		293E433FB81C3DCF3C6FD916 /* [CP] Embed Pods Frameworks */ = {
			isa = PBXShellScriptBuildPhase;
			buildActionMask = 2147483647;
			files = (
			);
			inputFileListPaths = (
				"${PODS_ROOT}/Target Support Files/Pods-TalkyTalky-TalkyTalkyUITests/Pods-TalkyTalky-TalkyTalkyUITests-frameworks-${CONFIGURATION}-input-files.xcfilelist",
			);
			name = "[CP] Embed Pods Frameworks";
			outputFileListPaths = (
				"${PODS_ROOT}/Target Support Files/Pods-TalkyTalky-TalkyTalkyUITests/Pods-TalkyTalky-TalkyTalkyUITests-frameworks-${CONFIGURATION}-output-files.xcfilelist",
			);
			runOnlyForDeploymentPostprocessing = 0;
			shellPath = /bin/sh;
			shellScript = "\"${PODS_ROOT}/Target Support Files/Pods-TalkyTalky-TalkyTalkyUITests/Pods-TalkyTalky-TalkyTalkyUITests-frameworks.sh\"\n";
			showEnvVarsInLog = 0;
		};
		B018AF2FBA4EB56CFE350173 /* [CP] Check Pods Manifest.lock */ = {
			isa = PBXShellScriptBuildPhase;
			buildActionMask = 2147483647;
			files = (
			);
			inputFileListPaths = (
			);
			inputPaths = (
				"${PODS_PODFILE_DIR_PATH}/Podfile.lock",
				"${PODS_ROOT}/Manifest.lock",
			);
			name = "[CP] Check Pods Manifest.lock";
			outputFileListPaths = (
			);
			outputPaths = (
				"$(DERIVED_FILE_DIR)/Pods-TalkyTalky-TalkyTalkyUITests-checkManifestLockResult.txt",
			);
			runOnlyForDeploymentPostprocessing = 0;
			shellPath = /bin/sh;
			shellScript = "diff \"${PODS_PODFILE_DIR_PATH}/Podfile.lock\" \"${PODS_ROOT}/Manifest.lock\" > /dev/null\nif [ $? != 0 ] ; then\n    # print error to STDERR\n    echo \"error: The sandbox is not in sync with the Podfile.lock. Run 'pod install' or update your CocoaPods installation.\" >&2\n    exit 1\nfi\n# This output is used by Xcode 'outputs' to avoid re-running this script phase.\necho \"SUCCESS\" > \"${SCRIPT_OUTPUT_FILE_0}\"\n";
			showEnvVarsInLog = 0;
		};
		D09DC1003E06B13A79749033 /* [CP] Check Pods Manifest.lock */ = {
			isa = PBXShellScriptBuildPhase;
			buildActionMask = 2147483647;
			files = (
			);
			inputFileListPaths = (
			);
			inputPaths = (
				"${PODS_PODFILE_DIR_PATH}/Podfile.lock",
				"${PODS_ROOT}/Manifest.lock",
			);
			name = "[CP] Check Pods Manifest.lock";
			outputFileListPaths = (
			);
			outputPaths = (
				"$(DERIVED_FILE_DIR)/Pods-TalkyTalky-checkManifestLockResult.txt",
			);
			runOnlyForDeploymentPostprocessing = 0;
			shellPath = /bin/sh;
			shellScript = "diff \"${PODS_PODFILE_DIR_PATH}/Podfile.lock\" \"${PODS_ROOT}/Manifest.lock\" > /dev/null\nif [ $? != 0 ] ; then\n    # print error to STDERR\n    echo \"error: The sandbox is not in sync with the Podfile.lock. Run 'pod install' or update your CocoaPods installation.\" >&2\n    exit 1\nfi\n# This output is used by Xcode 'outputs' to avoid re-running this script phase.\necho \"SUCCESS\" > \"${SCRIPT_OUTPUT_FILE_0}\"\n";
			showEnvVarsInLog = 0;
		};
		D2FD8B1CC8384FAA1DF10513 /* [CP] Check Pods Manifest.lock */ = {
			isa = PBXShellScriptBuildPhase;
			buildActionMask = 2147483647;
			files = (
			);
			inputFileListPaths = (
			);
			inputPaths = (
				"${PODS_PODFILE_DIR_PATH}/Podfile.lock",
				"${PODS_ROOT}/Manifest.lock",
			);
			name = "[CP] Check Pods Manifest.lock";
			outputFileListPaths = (
			);
			outputPaths = (
				"$(DERIVED_FILE_DIR)/Pods-TalkyTalkyTests-checkManifestLockResult.txt",
			);
			runOnlyForDeploymentPostprocessing = 0;
			shellPath = /bin/sh;
			shellScript = "diff \"${PODS_PODFILE_DIR_PATH}/Podfile.lock\" \"${PODS_ROOT}/Manifest.lock\" > /dev/null\nif [ $? != 0 ] ; then\n    # print error to STDERR\n    echo \"error: The sandbox is not in sync with the Podfile.lock. Run 'pod install' or update your CocoaPods installation.\" >&2\n    exit 1\nfi\n# This output is used by Xcode 'outputs' to avoid re-running this script phase.\necho \"SUCCESS\" > \"${SCRIPT_OUTPUT_FILE_0}\"\n";
			showEnvVarsInLog = 0;
		};
		FA9BE340AF1238CB9AE3F80A /* [CP] Embed Pods Frameworks */ = {
			isa = PBXShellScriptBuildPhase;
			buildActionMask = 2147483647;
			files = (
			);
			inputFileListPaths = (
				"${PODS_ROOT}/Target Support Files/Pods-TalkyTalky/Pods-TalkyTalky-frameworks-${CONFIGURATION}-input-files.xcfilelist",
			);
			name = "[CP] Embed Pods Frameworks";
			outputFileListPaths = (
				"${PODS_ROOT}/Target Support Files/Pods-TalkyTalky/Pods-TalkyTalky-frameworks-${CONFIGURATION}-output-files.xcfilelist",
			);
			runOnlyForDeploymentPostprocessing = 0;
			shellPath = /bin/sh;
			shellScript = "\"${PODS_ROOT}/Target Support Files/Pods-TalkyTalky/Pods-TalkyTalky-frameworks.sh\"\n";
			showEnvVarsInLog = 0;
		};
/* End PBXShellScriptBuildPhase section */

/* Begin PBXSourcesBuildPhase section */
		B645B33F2D052D2A000D0768 /* Sources */ = {
			isa = PBXSourcesBuildPhase;
			buildActionMask = 2147483647;
			files = (
			);
			runOnlyForDeploymentPostprocessing = 0;
		};
		B645B3552D052D2D000D0768 /* Sources */ = {
			isa = PBXSourcesBuildPhase;
			buildActionMask = 2147483647;
			files = (
			);
			runOnlyForDeploymentPostprocessing = 0;
		};
		B645B35F2D052D2D000D0768 /* Sources */ = {
			isa = PBXSourcesBuildPhase;
			buildActionMask = 2147483647;
			files = (
			);
			runOnlyForDeploymentPostprocessing = 0;
		};
/* End PBXSourcesBuildPhase section */

/* Begin PBXTargetDependency section */
		B645B35B2D052D2D000D0768 /* PBXTargetDependency */ = {
			isa = PBXTargetDependency;
			target = B645B3422D052D2A000D0768 /* TalkyTalky */;
			targetProxy = B645B35A2D052D2D000D0768 /* PBXContainerItemProxy */;
		};
		B645B3652D052D2D000D0768 /* PBXTargetDependency */ = {
			isa = PBXTargetDependency;
			target = B645B3422D052D2A000D0768 /* TalkyTalky */;
			targetProxy = B645B3642D052D2D000D0768 /* PBXContainerItemProxy */;
		};
/* End PBXTargetDependency section */

/* Begin XCBuildConfiguration section */
		B645B36D2D052D2D000D0768 /* Debug */ = {
			isa = XCBuildConfiguration;
			baseConfigurationReference = 4CF9CAFB3195E6F371C977EB /* Pods-TalkyTalky.debug.xcconfig */;
			buildSettings = {
				ASSETCATALOG_COMPILER_APPICON_NAME = AppIcon;
				ASSETCATALOG_COMPILER_GLOBAL_ACCENT_COLOR_NAME = AccentColor;
				CODE_SIGN_STYLE = Automatic;
				CURRENT_PROJECT_VERSION = 1;
				GENERATE_INFOPLIST_FILE = YES;
				INFOPLIST_FILE = TalkyTalky/Info.plist;
				INFOPLIST_KEY_UIApplicationSupportsIndirectInputEvents = YES;
				INFOPLIST_KEY_UILaunchStoryboardName = LaunchScreen;
				INFOPLIST_KEY_UIMainStoryboardFile = Main;
				INFOPLIST_KEY_UISupportedInterfaceOrientations_iPad = "UIInterfaceOrientationPortrait UIInterfaceOrientationPortraitUpsideDown UIInterfaceOrientationLandscapeLeft UIInterfaceOrientationLandscapeRight";
				INFOPLIST_KEY_UISupportedInterfaceOrientations_iPhone = "UIInterfaceOrientationPortrait UIInterfaceOrientationLandscapeLeft UIInterfaceOrientationLandscapeRight";
				LD_RUNPATH_SEARCH_PATHS = (
					"$(inherited)",
					"@executable_path/Frameworks",
				);
				MARKETING_VERSION = 1.0;
				PRODUCT_BUNDLE_IDENTIFIER = "Sarah-Talaat.TalkyTalky";
				PRODUCT_NAME = "$(TARGET_NAME)";
				SWIFT_EMIT_LOC_STRINGS = YES;
				SWIFT_VERSION = 5.0;
				TARGETED_DEVICE_FAMILY = "1,2";
			};
			name = Debug;
		};
		B645B36E2D052D2D000D0768 /* Release */ = {
			isa = XCBuildConfiguration;
			baseConfigurationReference = 1677D1448D0E804B34860219 /* Pods-TalkyTalky.release.xcconfig */;
			buildSettings = {
				ASSETCATALOG_COMPILER_APPICON_NAME = AppIcon;
				ASSETCATALOG_COMPILER_GLOBAL_ACCENT_COLOR_NAME = AccentColor;
				CODE_SIGN_STYLE = Automatic;
				CURRENT_PROJECT_VERSION = 1;
				GENERATE_INFOPLIST_FILE = YES;
				INFOPLIST_FILE = TalkyTalky/Info.plist;
				INFOPLIST_KEY_UIApplicationSupportsIndirectInputEvents = YES;
				INFOPLIST_KEY_UILaunchStoryboardName = LaunchScreen;
				INFOPLIST_KEY_UIMainStoryboardFile = Main;
				INFOPLIST_KEY_UISupportedInterfaceOrientations_iPad = "UIInterfaceOrientationPortrait UIInterfaceOrientationPortraitUpsideDown UIInterfaceOrientationLandscapeLeft UIInterfaceOrientationLandscapeRight";
				INFOPLIST_KEY_UISupportedInterfaceOrientations_iPhone = "UIInterfaceOrientationPortrait UIInterfaceOrientationLandscapeLeft UIInterfaceOrientationLandscapeRight";
				LD_RUNPATH_SEARCH_PATHS = (
					"$(inherited)",
					"@executable_path/Frameworks",
				);
				MARKETING_VERSION = 1.0;
				PRODUCT_BUNDLE_IDENTIFIER = "Sarah-Talaat.TalkyTalky";
				PRODUCT_NAME = "$(TARGET_NAME)";
				SWIFT_EMIT_LOC_STRINGS = YES;
				SWIFT_VERSION = 5.0;
				TARGETED_DEVICE_FAMILY = "1,2";
			};
			name = Release;
		};
		B645B36F2D052D2D000D0768 /* Debug */ = {
			isa = XCBuildConfiguration;
			buildSettings = {
				ALWAYS_SEARCH_USER_PATHS = NO;
				ASSETCATALOG_COMPILER_GENERATE_SWIFT_ASSET_SYMBOL_EXTENSIONS = YES;
				CLANG_ANALYZER_NONNULL = YES;
				CLANG_ANALYZER_NUMBER_OBJECT_CONVERSION = YES_AGGRESSIVE;
				CLANG_CXX_LANGUAGE_STANDARD = "gnu++20";
				CLANG_ENABLE_MODULES = YES;
				CLANG_ENABLE_OBJC_ARC = YES;
				CLANG_ENABLE_OBJC_WEAK = YES;
				CLANG_WARN_BLOCK_CAPTURE_AUTORELEASING = YES;
				CLANG_WARN_BOOL_CONVERSION = YES;
				CLANG_WARN_COMMA = YES;
				CLANG_WARN_CONSTANT_CONVERSION = YES;
				CLANG_WARN_DEPRECATED_OBJC_IMPLEMENTATIONS = YES;
				CLANG_WARN_DIRECT_OBJC_ISA_USAGE = YES_ERROR;
				CLANG_WARN_DOCUMENTATION_COMMENTS = YES;
				CLANG_WARN_EMPTY_BODY = YES;
				CLANG_WARN_ENUM_CONVERSION = YES;
				CLANG_WARN_INFINITE_RECURSION = YES;
				CLANG_WARN_INT_CONVERSION = YES;
				CLANG_WARN_NON_LITERAL_NULL_CONVERSION = YES;
				CLANG_WARN_OBJC_IMPLICIT_RETAIN_SELF = YES;
				CLANG_WARN_OBJC_LITERAL_CONVERSION = YES;
				CLANG_WARN_OBJC_ROOT_CLASS = YES_ERROR;
				CLANG_WARN_QUOTED_INCLUDE_IN_FRAMEWORK_HEADER = YES;
				CLANG_WARN_RANGE_LOOP_ANALYSIS = YES;
				CLANG_WARN_STRICT_PROTOTYPES = YES;
				CLANG_WARN_SUSPICIOUS_MOVE = YES;
				CLANG_WARN_UNGUARDED_AVAILABILITY = YES_AGGRESSIVE;
				CLANG_WARN_UNREACHABLE_CODE = YES;
				CLANG_WARN__DUPLICATE_METHOD_MATCH = YES;
				COPY_PHASE_STRIP = NO;
				DEBUG_INFORMATION_FORMAT = dwarf;
				ENABLE_STRICT_OBJC_MSGSEND = YES;
				ENABLE_TESTABILITY = YES;
				ENABLE_USER_SCRIPT_SANDBOXING = YES;
				GCC_C_LANGUAGE_STANDARD = gnu17;
				GCC_DYNAMIC_NO_PIC = NO;
				GCC_NO_COMMON_BLOCKS = YES;
				GCC_OPTIMIZATION_LEVEL = 0;
				GCC_PREPROCESSOR_DEFINITIONS = (
					"DEBUG=1",
					"$(inherited)",
				);
				GCC_WARN_64_TO_32_BIT_CONVERSION = YES;
				GCC_WARN_ABOUT_RETURN_TYPE = YES_ERROR;
				GCC_WARN_UNDECLARED_SELECTOR = YES;
				GCC_WARN_UNINITIALIZED_AUTOS = YES_AGGRESSIVE;
				GCC_WARN_UNUSED_FUNCTION = YES;
				GCC_WARN_UNUSED_VARIABLE = YES;
				IPHONEOS_DEPLOYMENT_TARGET = 18.1;
				LOCALIZATION_PREFERS_STRING_CATALOGS = YES;
				MTL_ENABLE_DEBUG_INFO = INCLUDE_SOURCE;
				MTL_FAST_MATH = YES;
				ONLY_ACTIVE_ARCH = YES;
				SDKROOT = iphoneos;
				SWIFT_ACTIVE_COMPILATION_CONDITIONS = "DEBUG $(inherited)";
				SWIFT_OPTIMIZATION_LEVEL = "-Onone";
			};
			name = Debug;
		};
		B645B3702D052D2D000D0768 /* Release */ = {
			isa = XCBuildConfiguration;
			buildSettings = {
				ALWAYS_SEARCH_USER_PATHS = NO;
				ASSETCATALOG_COMPILER_GENERATE_SWIFT_ASSET_SYMBOL_EXTENSIONS = YES;
				CLANG_ANALYZER_NONNULL = YES;
				CLANG_ANALYZER_NUMBER_OBJECT_CONVERSION = YES_AGGRESSIVE;
				CLANG_CXX_LANGUAGE_STANDARD = "gnu++20";
				CLANG_ENABLE_MODULES = YES;
				CLANG_ENABLE_OBJC_ARC = YES;
				CLANG_ENABLE_OBJC_WEAK = YES;
				CLANG_WARN_BLOCK_CAPTURE_AUTORELEASING = YES;
				CLANG_WARN_BOOL_CONVERSION = YES;
				CLANG_WARN_COMMA = YES;
				CLANG_WARN_CONSTANT_CONVERSION = YES;
				CLANG_WARN_DEPRECATED_OBJC_IMPLEMENTATIONS = YES;
				CLANG_WARN_DIRECT_OBJC_ISA_USAGE = YES_ERROR;
				CLANG_WARN_DOCUMENTATION_COMMENTS = YES;
				CLANG_WARN_EMPTY_BODY = YES;
				CLANG_WARN_ENUM_CONVERSION = YES;
				CLANG_WARN_INFINITE_RECURSION = YES;
				CLANG_WARN_INT_CONVERSION = YES;
				CLANG_WARN_NON_LITERAL_NULL_CONVERSION = YES;
				CLANG_WARN_OBJC_IMPLICIT_RETAIN_SELF = YES;
				CLANG_WARN_OBJC_LITERAL_CONVERSION = YES;
				CLANG_WARN_OBJC_ROOT_CLASS = YES_ERROR;
				CLANG_WARN_QUOTED_INCLUDE_IN_FRAMEWORK_HEADER = YES;
				CLANG_WARN_RANGE_LOOP_ANALYSIS = YES;
				CLANG_WARN_STRICT_PROTOTYPES = YES;
				CLANG_WARN_SUSPICIOUS_MOVE = YES;
				CLANG_WARN_UNGUARDED_AVAILABILITY = YES_AGGRESSIVE;
				CLANG_WARN_UNREACHABLE_CODE = YES;
				CLANG_WARN__DUPLICATE_METHOD_MATCH = YES;
				COPY_PHASE_STRIP = NO;
				DEBUG_INFORMATION_FORMAT = "dwarf-with-dsym";
				ENABLE_NS_ASSERTIONS = NO;
				ENABLE_STRICT_OBJC_MSGSEND = YES;
				ENABLE_USER_SCRIPT_SANDBOXING = YES;
				GCC_C_LANGUAGE_STANDARD = gnu17;
				GCC_NO_COMMON_BLOCKS = YES;
				GCC_WARN_64_TO_32_BIT_CONVERSION = YES;
				GCC_WARN_ABOUT_RETURN_TYPE = YES_ERROR;
				GCC_WARN_UNDECLARED_SELECTOR = YES;
				GCC_WARN_UNINITIALIZED_AUTOS = YES_AGGRESSIVE;
				GCC_WARN_UNUSED_FUNCTION = YES;
				GCC_WARN_UNUSED_VARIABLE = YES;
				IPHONEOS_DEPLOYMENT_TARGET = 18.1;
				LOCALIZATION_PREFERS_STRING_CATALOGS = YES;
				MTL_ENABLE_DEBUG_INFO = NO;
				MTL_FAST_MATH = YES;
				SDKROOT = iphoneos;
				SWIFT_COMPILATION_MODE = wholemodule;
				VALIDATE_PRODUCT = YES;
			};
			name = Release;
		};
		B645B3722D052D2D000D0768 /* Debug */ = {
			isa = XCBuildConfiguration;
			baseConfigurationReference = CB2A6FE41B11ECF49B34B357 /* Pods-TalkyTalkyTests.debug.xcconfig */;
			buildSettings = {
				BUNDLE_LOADER = "$(TEST_HOST)";
				CODE_SIGN_STYLE = Automatic;
				CURRENT_PROJECT_VERSION = 1;
				GENERATE_INFOPLIST_FILE = YES;
				IPHONEOS_DEPLOYMENT_TARGET = 18.1;
				MARKETING_VERSION = 1.0;
				PRODUCT_BUNDLE_IDENTIFIER = "Sarah-Talaat.TalkyTalkyTests";
				PRODUCT_NAME = "$(TARGET_NAME)";
				SWIFT_EMIT_LOC_STRINGS = NO;
				SWIFT_VERSION = 5.0;
				TARGETED_DEVICE_FAMILY = "1,2";
				TEST_HOST = "$(BUILT_PRODUCTS_DIR)/TalkyTalky.app/$(BUNDLE_EXECUTABLE_FOLDER_PATH)/TalkyTalky";
			};
			name = Debug;
		};
		B645B3732D052D2D000D0768 /* Release */ = {
			isa = XCBuildConfiguration;
			baseConfigurationReference = A36870CB7CB3E4C08C1AE1A3 /* Pods-TalkyTalkyTests.release.xcconfig */;
			buildSettings = {
				BUNDLE_LOADER = "$(TEST_HOST)";
				CODE_SIGN_STYLE = Automatic;
				CURRENT_PROJECT_VERSION = 1;
				GENERATE_INFOPLIST_FILE = YES;
				IPHONEOS_DEPLOYMENT_TARGET = 18.1;
				MARKETING_VERSION = 1.0;
				PRODUCT_BUNDLE_IDENTIFIER = "Sarah-Talaat.TalkyTalkyTests";
				PRODUCT_NAME = "$(TARGET_NAME)";
				SWIFT_EMIT_LOC_STRINGS = NO;
				SWIFT_VERSION = 5.0;
				TARGETED_DEVICE_FAMILY = "1,2";
				TEST_HOST = "$(BUILT_PRODUCTS_DIR)/TalkyTalky.app/$(BUNDLE_EXECUTABLE_FOLDER_PATH)/TalkyTalky";
			};
			name = Release;
		};
		B645B3752D052D2D000D0768 /* Debug */ = {
			isa = XCBuildConfiguration;
			baseConfigurationReference = 7C9B99987F68A3A3B74B1E6C /* Pods-TalkyTalky-TalkyTalkyUITests.debug.xcconfig */;
			buildSettings = {
				CODE_SIGN_STYLE = Automatic;
				CURRENT_PROJECT_VERSION = 1;
				GENERATE_INFOPLIST_FILE = YES;
				MARKETING_VERSION = 1.0;
				PRODUCT_BUNDLE_IDENTIFIER = "Sarah-Talaat.TalkyTalkyUITests";
				PRODUCT_NAME = "$(TARGET_NAME)";
				SWIFT_EMIT_LOC_STRINGS = NO;
				SWIFT_VERSION = 5.0;
				TARGETED_DEVICE_FAMILY = "1,2";
				TEST_TARGET_NAME = TalkyTalky;
			};
			name = Debug;
		};
		B645B3762D052D2D000D0768 /* Release */ = {
			isa = XCBuildConfiguration;
			baseConfigurationReference = 2218774429455642A07E8D0F /* Pods-TalkyTalky-TalkyTalkyUITests.release.xcconfig */;
			buildSettings = {
				CODE_SIGN_STYLE = Automatic;
				CURRENT_PROJECT_VERSION = 1;
				GENERATE_INFOPLIST_FILE = YES;
				MARKETING_VERSION = 1.0;
				PRODUCT_BUNDLE_IDENTIFIER = "Sarah-Talaat.TalkyTalkyUITests";
				PRODUCT_NAME = "$(TARGET_NAME)";
				SWIFT_EMIT_LOC_STRINGS = NO;
				SWIFT_VERSION = 5.0;
				TARGETED_DEVICE_FAMILY = "1,2";
				TEST_TARGET_NAME = TalkyTalky;
			};
			name = Release;
		};
/* End XCBuildConfiguration section */

/* Begin XCConfigurationList section */
		B645B33E2D052D2A000D0768 /* Build configuration list for PBXProject "TalkyTalky" */ = {
			isa = XCConfigurationList;
			buildConfigurations = (
				B645B36F2D052D2D000D0768 /* Debug */,
				B645B3702D052D2D000D0768 /* Release */,
			);
			defaultConfigurationIsVisible = 0;
			defaultConfigurationName = Release;
		};
		B645B36C2D052D2D000D0768 /* Build configuration list for PBXNativeTarget "TalkyTalky" */ = {
			isa = XCConfigurationList;
			buildConfigurations = (
				B645B36D2D052D2D000D0768 /* Debug */,
				B645B36E2D052D2D000D0768 /* Release */,
			);
			defaultConfigurationIsVisible = 0;
			defaultConfigurationName = Release;
		};
		B645B3712D052D2D000D0768 /* Build configuration list for PBXNativeTarget "TalkyTalkyTests" */ = {
			isa = XCConfigurationList;
			buildConfigurations = (
				B645B3722D052D2D000D0768 /* Debug */,
				B645B3732D052D2D000D0768 /* Release */,
			);
			defaultConfigurationIsVisible = 0;
			defaultConfigurationName = Release;
		};
		B645B3742D052D2D000D0768 /* Build configuration list for PBXNativeTarget "TalkyTalkyUITests" */ = {
			isa = XCConfigurationList;
			buildConfigurations = (
				B645B3752D052D2D000D0768 /* Debug */,
				B645B3762D052D2D000D0768 /* Release */,
			);
			defaultConfigurationIsVisible = 0;
			defaultConfigurationName = Release;
		};
/* End XCConfigurationList section */
	};
	rootObject = B645B33B2D052D2A000D0768 /* Project object */;
}
